
Microsoft Visual Studio Solution File, Format Version 12.00
# Visual Studio Version 17
VisualStudioVersion = 17.0.31903.59
MinimumVisualStudioVersion = 10.0.40219.1
Project("{2150E333-8FDC-42A3-9474-1A3956D46DE8}") = "src", "src", "{827E0CD3-B72D-47B6-A68D-7590B98EB39B}"
EndProject
Project("{FAE04EC0-301F-11D3-BF4B-00C04F79EFBC}") = "SharedKernel", "src\SharedKernel\SharedKernel.csproj", "{29FE2BFD-840F-4885-8C9E-7837442FA93C}"
EndProject
Project("{FAE04EC0-301F-11D3-BF4B-00C04F79EFBC}") = "Domain", "src\Domain\Domain.csproj", "{DD8AB305-5450-4411-9282-5966EA860998}"
EndProject
Project("{FAE04EC0-301F-11D3-BF4B-00C04F79EFBC}") = "Contracts", "src\Contracts\Contracts.csproj", "{D179886E-E763-42EF-AE6A-FB4F95D72939}"
EndProject
Project("{FAE04EC0-301F-11D3-BF4B-00C04F79EFBC}") = "Application", "src\Application\Application.csproj", "{5825F465-C6D0-4A64-8C3D-616AC2EE6E04}"
EndProject
Project("{FAE04EC0-301F-11D3-BF4B-00C04F79EFBC}") = "Infrastructure", "src\Infrastructure\Infrastructure.csproj", "{6436FF53-998C-4887-B0AE-E10D471DF7AB}"
EndProject
Project("{FAE04EC0-301F-11D3-BF4B-00C04F79EFBC}") = "Api", "src\Api\Api.csproj", "{B1D5F127-1315-4087-8E00-3BA4A0A64A48}"
EndProject
Project("{FAE04EC0-301F-11D3-BF4B-00C04F79EFBC}") = "Workers", "src\Workers\Workers.csproj", "{D04C4A58-0F19-4C09-BC9D-C2E788253C5A}"
EndProject
Project("{2150E333-8FDC-42A3-9474-1A3956D46DE8}") = "tests", "tests", "{0AB3BF05-4346-4AA6-1389-037BE0695223}"
EndProject
Project("{FAE04EC0-301F-11D3-BF4B-00C04F79EFBC}") = "Domain.Tests", "tests\Domain.Tests\Domain.Tests.csproj", "{8DD347DF-7675-4009-9BE1-99D545074DD4}"
EndProject
Project("{FAE04EC0-301F-11D3-BF4B-00C04F79EFBC}") = "Application.Tests", "tests\Application.Tests\Application.Tests.csproj", "{86351DAD-1DAF-4340-81E5-A0E455D415C5}"
EndProject
Project("{FAE04EC0-301F-11D3-BF4B-00C04F79EFBC}") = "Integration.Tests", "tests\Integration.Tests\Integration.Tests.csproj", "{7CE12996-75D1-454C-9CD4-5658C31005BC}"
EndProject
Global
	GlobalSection(SolutionConfigurationPlatforms) = preSolution
		Debug|Any CPU = Debug|Any CPU
		Debug|x64 = Debug|x64
		Debug|x86 = Debug|x86
		Release|Any CPU = Release|Any CPU
		Release|x64 = Release|x64
		Release|x86 = Release|x86
	EndGlobalSection
	GlobalSection(ProjectConfigurationPlatforms) = postSolution
		{29FE2BFD-840F-4885-8C9E-7837442FA93C}.Debug|Any CPU.ActiveCfg = Debug|Any CPU
		{29FE2BFD-840F-4885-8C9E-7837442FA93C}.Debug|Any CPU.Build.0 = Debug|Any CPU
		{29FE2BFD-840F-4885-8C9E-7837442FA93C}.Debug|x64.ActiveCfg = Debug|Any CPU
		{29FE2BFD-840F-4885-8C9E-7837442FA93C}.Debug|x64.Build.0 = Debug|Any CPU
		{29FE2BFD-840F-4885-8C9E-7837442FA93C}.Debug|x86.ActiveCfg = Debug|Any CPU
		{29FE2BFD-840F-4885-8C9E-7837442FA93C}.Debug|x86.Build.0 = Debug|Any CPU
		{29FE2BFD-840F-4885-8C9E-7837442FA93C}.Release|Any CPU.ActiveCfg = Release|Any CPU
		{29FE2BFD-840F-4885-8C9E-7837442FA93C}.Release|Any CPU.Build.0 = Release|Any CPU
		{29FE2BFD-840F-4885-8C9E-7837442FA93C}.Release|x64.ActiveCfg = Release|Any CPU
		{29FE2BFD-840F-4885-8C9E-7837442FA93C}.Release|x64.Build.0 = Release|Any CPU
		{29FE2BFD-840F-4885-8C9E-7837442FA93C}.Release|x86.ActiveCfg = Release|Any CPU
		{29FE2BFD-840F-4885-8C9E-7837442FA93C}.Release|x86.Build.0 = Release|Any CPU
		{DD8AB305-5450-4411-9282-5966EA860998}.Debug|Any CPU.ActiveCfg = Debug|Any CPU
		{DD8AB305-5450-4411-9282-5966EA860998}.Debug|Any CPU.Build.0 = Debug|Any CPU
		{DD8AB305-5450-4411-9282-5966EA860998}.Debug|x64.ActiveCfg = Debug|Any CPU
		{DD8AB305-5450-4411-9282-5966EA860998}.Debug|x64.Build.0 = Debug|Any CPU
		{DD8AB305-5450-4411-9282-5966EA860998}.Debug|x86.ActiveCfg = Debug|Any CPU
		{DD8AB305-5450-4411-9282-5966EA860998}.Debug|x86.Build.0 = Debug|Any CPU
		{DD8AB305-5450-4411-9282-5966EA860998}.Release|Any CPU.ActiveCfg = Release|Any CPU
		{DD8AB305-5450-4411-9282-5966EA860998}.Release|Any CPU.Build.0 = Release|Any CPU
		{DD8AB305-5450-4411-9282-5966EA860998}.Release|x64.ActiveCfg = Release|Any CPU
		{DD8AB305-5450-4411-9282-5966EA860998}.Release|x64.Build.0 = Release|Any CPU
		{DD8AB305-5450-4411-9282-5966EA860998}.Release|x86.ActiveCfg = Release|Any CPU
		{DD8AB305-5450-4411-9282-5966EA860998}.Release|x86.Build.0 = Release|Any CPU
		{D179886E-E763-42EF-AE6A-FB4F95D72939}.Debug|Any CPU.ActiveCfg = Debug|Any CPU
		{D179886E-E763-42EF-AE6A-FB4F95D72939}.Debug|Any CPU.Build.0 = Debug|Any CPU
		{D179886E-E763-42EF-AE6A-FB4F95D72939}.Debug|x64.ActiveCfg = Debug|Any CPU
		{D179886E-E763-42EF-AE6A-FB4F95D72939}.Debug|x64.Build.0 = Debug|Any CPU
		{D179886E-E763-42EF-AE6A-FB4F95D72939}.Debug|x86.ActiveCfg = Debug|Any CPU
		{D179886E-E763-42EF-AE6A-FB4F95D72939}.Debug|x86.Build.0 = Debug|Any CPU
		{D179886E-E763-42EF-AE6A-FB4F95D72939}.Release|Any CPU.ActiveCfg = Release|Any CPU
		{D179886E-E763-42EF-AE6A-FB4F95D72939}.Release|Any CPU.Build.0 = Release|Any CPU
		{D179886E-E763-42EF-AE6A-FB4F95D72939}.Release|x64.ActiveCfg = Release|Any CPU
		{D179886E-E763-42EF-AE6A-FB4F95D72939}.Release|x64.Build.0 = Release|Any CPU
		{D179886E-E763-42EF-AE6A-FB4F95D72939}.Release|x86.ActiveCfg = Release|Any CPU
		{D179886E-E763-42EF-AE6A-FB4F95D72939}.Release|x86.Build.0 = Release|Any CPU
		{5825F465-C6D0-4A64-8C3D-616AC2EE6E04}.Debug|Any CPU.ActiveCfg = Debug|Any CPU
		{5825F465-C6D0-4A64-8C3D-616AC2EE6E04}.Debug|Any CPU.Build.0 = Debug|Any CPU
		{5825F465-C6D0-4A64-8C3D-616AC2EE6E04}.Debug|x64.ActiveCfg = Debug|Any CPU
		{5825F465-C6D0-4A64-8C3D-616AC2EE6E04}.Debug|x64.Build.0 = Debug|Any CPU
		{5825F465-C6D0-4A64-8C3D-616AC2EE6E04}.Debug|x86.ActiveCfg = Debug|Any CPU
		{5825F465-C6D0-4A64-8C3D-616AC2EE6E04}.Debug|x86.Build.0 = Debug|Any CPU
		{5825F465-C6D0-4A64-8C3D-616AC2EE6E04}.Release|Any CPU.ActiveCfg = Release|Any CPU
		{5825F465-C6D0-4A64-8C3D-616AC2EE6E04}.Release|Any CPU.Build.0 = Release|Any CPU
		{5825F465-C6D0-4A64-8C3D-616AC2EE6E04}.Release|x64.ActiveCfg = Release|Any CPU
		{5825F465-C6D0-4A64-8C3D-616AC2EE6E04}.Release|x64.Build.0 = Release|Any CPU
		{5825F465-C6D0-4A64-8C3D-616AC2EE6E04}.Release|x86.ActiveCfg = Release|Any CPU
		{5825F465-C6D0-4A64-8C3D-616AC2EE6E04}.Release|x86.Build.0 = Release|Any CPU
		{6436FF53-998C-4887-B0AE-E10D471DF7AB}.Debug|Any CPU.ActiveCfg = Debug|Any CPU
		{6436FF53-998C-4887-B0AE-E10D471DF7AB}.Debug|Any CPU.Build.0 = Debug|Any CPU
		{6436FF53-998C-4887-B0AE-E10D471DF7AB}.Debug|x64.ActiveCfg = Debug|Any CPU
		{6436FF53-998C-4887-B0AE-E10D471DF7AB}.Debug|x64.Build.0 = Debug|Any CPU
		{6436FF53-998C-4887-B0AE-E10D471DF7AB}.Debug|x86.ActiveCfg = Debug|Any CPU
		{6436FF53-998C-4887-B0AE-E10D471DF7AB}.Debug|x86.Build.0 = Debug|Any CPU
		{6436FF53-998C-4887-B0AE-E10D471DF7AB}.Release|Any CPU.ActiveCfg = Release|Any CPU
		{6436FF53-998C-4887-B0AE-E10D471DF7AB}.Release|Any CPU.Build.0 = Release|Any CPU
		{6436FF53-998C-4887-B0AE-E10D471DF7AB}.Release|x64.ActiveCfg = Release|Any CPU
		{6436FF53-998C-4887-B0AE-E10D471DF7AB}.Release|x64.Build.0 = Release|Any CPU
		{6436FF53-998C-4887-B0AE-E10D471DF7AB}.Release|x86.ActiveCfg = Release|Any CPU
		{6436FF53-998C-4887-B0AE-E10D471DF7AB}.Release|x86.Build.0 = Release|Any CPU
		{B1D5F127-1315-4087-8E00-3BA4A0A64A48}.Debug|Any CPU.ActiveCfg = Debug|Any CPU
		{B1D5F127-1315-4087-8E00-3BA4A0A64A48}.Debug|Any CPU.Build.0 = Debug|Any CPU
		{B1D5F127-1315-4087-8E00-3BA4A0A64A48}.Debug|x64.ActiveCfg = Debug|Any CPU
		{B1D5F127-1315-4087-8E00-3BA4A0A64A48}.Debug|x64.Build.0 = Debug|Any CPU
		{B1D5F127-1315-4087-8E00-3BA4A0A64A48}.Debug|x86.ActiveCfg = Debug|Any CPU
		{B1D5F127-1315-4087-8E00-3BA4A0A64A48}.Debug|x86.Build.0 = Debug|Any CPU
		{B1D5F127-1315-4087-8E00-3BA4A0A64A48}.Release|Any CPU.ActiveCfg = Release|Any CPU
		{B1D5F127-1315-4087-8E00-3BA4A0A64A48}.Release|Any CPU.Build.0 = Release|Any CPU
		{B1D5F127-1315-4087-8E00-3BA4A0A64A48}.Release|x64.ActiveCfg = Release|Any CPU
		{B1D5F127-1315-4087-8E00-3BA4A0A64A48}.Release|x64.Build.0 = Release|Any CPU
		{B1D5F127-1315-4087-8E00-3BA4A0A64A48}.Release|x86.ActiveCfg = Release|Any CPU
		{B1D5F127-1315-4087-8E00-3BA4A0A64A48}.Release|x86.Build.0 = Release|Any CPU
		{D04C4A58-0F19-4C09-BC9D-C2E788253C5A}.Debug|Any CPU.ActiveCfg = Debug|Any CPU
		{D04C4A58-0F19-4C09-BC9D-C2E788253C5A}.Debug|Any CPU.Build.0 = Debug|Any CPU
		{D04C4A58-0F19-4C09-BC9D-C2E788253C5A}.Debug|x64.ActiveCfg = Debug|Any CPU
		{D04C4A58-0F19-4C09-BC9D-C2E788253C5A}.Debug|x64.Build.0 = Debug|Any CPU
		{D04C4A58-0F19-4C09-BC9D-C2E788253C5A}.Debug|x86.ActiveCfg = Debug|Any CPU
		{D04C4A58-0F19-4C09-BC9D-C2E788253C5A}.Debug|x86.Build.0 = Debug|Any CPU
		{D04C4A58-0F19-4C09-BC9D-C2E788253C5A}.Release|Any CPU.ActiveCfg = Release|Any CPU
		{D04C4A58-0F19-4C09-BC9D-C2E788253C5A}.Release|Any CPU.Build.0 = Release|Any CPU
		{D04C4A58-0F19-4C09-BC9D-C2E788253C5A}.Release|x64.ActiveCfg = Release|Any CPU
		{D04C4A58-0F19-4C09-BC9D-C2E788253C5A}.Release|x64.Build.0 = Release|Any CPU
		{D04C4A58-0F19-4C09-BC9D-C2E788253C5A}.Release|x86.ActiveCfg = Release|Any CPU
		{D04C4A58-0F19-4C09-BC9D-C2E788253C5A}.Release|x86.Build.0 = Release|Any CPU
		{8DD347DF-7675-4009-9BE1-99D545074DD4}.Debug|Any CPU.ActiveCfg = Debug|Any CPU
		{8DD347DF-7675-4009-9BE1-99D545074DD4}.Debug|Any CPU.Build.0 = Debug|Any CPU
		{8DD347DF-7675-4009-9BE1-99D545074DD4}.Debug|x64.ActiveCfg = Debug|Any CPU
		{8DD347DF-7675-4009-9BE1-99D545074DD4}.Debug|x64.Build.0 = Debug|Any CPU
		{8DD347DF-7675-4009-9BE1-99D545074DD4}.Debug|x86.ActiveCfg = Debug|Any CPU
		{8DD347DF-7675-4009-9BE1-99D545074DD4}.Debug|x86.Build.0 = Debug|Any CPU
		{8DD347DF-7675-4009-9BE1-99D545074DD4}.Release|Any CPU.ActiveCfg = Release|Any CPU
		{8DD347DF-7675-4009-9BE1-99D545074DD4}.Release|Any CPU.Build.0 = Release|Any CPU
		{8DD347DF-7675-4009-9BE1-99D545074DD4}.Release|x64.ActiveCfg = Release|Any CPU
		{8DD347DF-7675-4009-9BE1-99D545074DD4}.Release|x64.Build.0 = Release|Any CPU
		{8DD347DF-7675-4009-9BE1-99D545074DD4}.Release|x86.ActiveCfg = Release|Any CPU
		{8DD347DF-7675-4009-9BE1-99D545074DD4}.Release|x86.Build.0 = Release|Any CPU
		{86351DAD-1DAF-4340-81E5-A0E455D415C5}.Debug|Any CPU.ActiveCfg = Debug|Any CPU
		{86351DAD-1DAF-4340-81E5-A0E455D415C5}.Debug|Any CPU.Build.0 = Debug|Any CPU
		{86351DAD-1DAF-4340-81E5-A0E455D415C5}.Debug|x64.ActiveCfg = Debug|Any CPU
		{86351DAD-1DAF-4340-81E5-A0E455D415C5}.Debug|x64.Build.0 = Debug|Any CPU
		{86351DAD-1DAF-4340-81E5-A0E455D415C5}.Debug|x86.ActiveCfg = Debug|Any CPU
		{86351DAD-1DAF-4340-81E5-A0E455D415C5}.Debug|x86.Build.0 = Debug|Any CPU
		{86351DAD-1DAF-4340-81E5-A0E455D415C5}.Release|Any CPU.ActiveCfg = Release|Any CPU
		{86351DAD-1DAF-4340-81E5-A0E455D415C5}.Release|Any CPU.Build.0 = Release|Any CPU
		{86351DAD-1DAF-4340-81E5-A0E455D415C5}.Release|x64.ActiveCfg = Release|Any CPU
		{86351DAD-1DAF-4340-81E5-A0E455D415C5}.Release|x64.Build.0 = Release|Any CPU
		{86351DAD-1DAF-4340-81E5-A0E455D415C5}.Release|x86.ActiveCfg = Release|Any CPU
		{86351DAD-1DAF-4340-81E5-A0E455D415C5}.Release|x86.Build.0 = Release|Any CPU
		{7CE12996-75D1-454C-9CD4-5658C31005BC}.Debug|Any CPU.ActiveCfg = Debug|Any CPU
		{7CE12996-75D1-454C-9CD4-5658C31005BC}.Debug|Any CPU.Build.0 = Debug|Any CPU
		{7CE12996-75D1-454C-9CD4-5658C31005BC}.Debug|x64.ActiveCfg = Debug|Any CPU
		{7CE12996-75D1-454C-9CD4-5658C31005BC}.Debug|x64.Build.0 = Debug|Any CPU
		{7CE12996-75D1-454C-9CD4-5658C31005BC}.Debug|x86.ActiveCfg = Debug|Any CPU
		{7CE12996-75D1-454C-9CD4-5658C31005BC}.Debug|x86.Build.0 = Debug|Any CPU
		{7CE12996-75D1-454C-9CD4-5658C31005BC}.Release|Any CPU.ActiveCfg = Release|Any CPU
		{7CE12996-75D1-454C-9CD4-5658C31005BC}.Release|Any CPU.Build.0 = Release|Any CPU
		{7CE12996-75D1-454C-9CD4-5658C31005BC}.Release|x64.ActiveCfg = Release|Any CPU
		{7CE12996-75D1-454C-9CD4-5658C31005BC}.Release|x64.Build.0 = Release|Any CPU
		{7CE12996-75D1-454C-9CD4-5658C31005BC}.Release|x86.ActiveCfg = Release|Any CPU
		{7CE12996-75D1-454C-9CD4-5658C31005BC}.Release|x86.Build.0 = Release|Any CPU
	EndGlobalSection
	GlobalSection(SolutionProperties) = preSolution
		HideSolutionNode = FALSE
	EndGlobalSection
	GlobalSection(NestedProjects) = preSolution
		{29FE2BFD-840F-4885-8C9E-7837442FA93C} = {827E0CD3-B72D-47B6-A68D-7590B98EB39B}
		{DD8AB305-5450-4411-9282-5966EA860998} = {827E0CD3-B72D-47B6-A68D-7590B98EB39B}
		{D179886E-E763-42EF-AE6A-FB4F95D72939} = {827E0CD3-B72D-47B6-A68D-7590B98EB39B}
		{5825F465-C6D0-4A64-8C3D-616AC2EE6E04} = {827E0CD3-B72D-47B6-A68D-7590B98EB39B}
		{6436FF53-998C-4887-B0AE-E10D471DF7AB} = {827E0CD3-B72D-47B6-A68D-7590B98EB39B}
		{B1D5F127-1315-4087-8E00-3BA4A0A64A48} = {827E0CD3-B72D-47B6-A68D-7590B98EB39B}
		{D04C4A58-0F19-4C09-BC9D-C2E788253C5A} = {827E0CD3-B72D-47B6-A68D-7590B98EB39B}
		{8DD347DF-7675-4009-9BE1-99D545074DD4} = {0AB3BF05-4346-4AA6-1389-037BE0695223}
		{86351DAD-1DAF-4340-81E5-A0E455D415C5} = {0AB3BF05-4346-4AA6-1389-037BE0695223}
		{7CE12996-75D1-454C-9CD4-5658C31005BC} = {0AB3BF05-4346-4AA6-1389-037BE0695223}
	EndGlobalSection
EndGlobal
